
Microsoft Visual Studio Solution File, Format Version 12.00
# Visual Studio 2013
VisualStudioVersion = 12.0.31101.0
MinimumVisualStudioVersion = 10.0.40219.1
Project("{2150E333-8FDC-42A3-9474-1A3956D46DE8}") = "BackEnd", "BackEnd", "{A457DB29-33BA-4C3B-B27B-B104BAAC4CFC}"
EndProject
Project("{2150E333-8FDC-42A3-9474-1A3956D46DE8}") = "Domain", "Domain", "{F7A4F4CA-B561-47A5-BEC4-3C1EC35897C9}"
EndProject
Project("{2150E333-8FDC-42A3-9474-1A3956D46DE8}") = "Infrastructure", "Infrastructure", "{13848EEA-C936-45C8-8A9C-41029D373286}"
EndProject
Project("{2150E333-8FDC-42A3-9474-1A3956D46DE8}") = "Repository", "Repository", "{EE65BC4A-0715-44CD-A45E-F1FE8D8D85E2}"
EndProject
Project("{FAE04EC0-301F-11D3-BF4B-00C04F79EFBC}") = "EN.BussinessEntity", "EN.BussinessEntity\EN.BussinessEntity.csproj", "{20AD350F-6F5B-4883-B69C-968B5ABB5972}"
EndProject
Project("{FAE04EC0-301F-11D3-BF4B-00C04F79EFBC}") = "EN.BussinessLogic", "EN.BussinessLogic\EN.BussinessLogic.csproj", "{008A1790-56E7-4359-9BAB-76A184F23B96}"
EndProject
Project("{FAE04EC0-301F-11D3-BF4B-00C04F79EFBC}") = "EN.DataAccess", "EN.DataAccess\EN.DataAccess.csproj", "{EAF74D95-E0A5-43AE-9119-D5C90933009D}"
EndProject
Project("{FAE04EC0-301F-11D3-BF4B-00C04F79EFBC}") = "EN.Adapters", "EN.Adapters\EN.Adapters.csproj", "{5136A9CA-74A9-4CC2-A4FF-70DEF76FBE7E}"
EndProject
Project("{2150E333-8FDC-42A3-9474-1A3956D46DE8}") = "Service", "Service", "{CDC2A6DE-9B9D-4BEE-AD9D-E010BC8865AF}"
EndProject
Project("{FAE04EC0-301F-11D3-BF4B-00C04F79EFBC}") = "EN.REST", "EN.REST\EN.REST.csproj", "{BFEBFFAB-131F-4A7C-ADB3-10407BAF185B}"
EndProject
Project("{FAE04EC0-301F-11D3-BF4B-00C04F79EFBC}") = "EN.Interfaces", "EN.Interfaces\EN.Interfaces.csproj", "{BFE68831-457A-4AE8-BEE3-BEF1F60AB278}"
EndProject
Global
	GlobalSection(SolutionConfigurationPlatforms) = preSolution
		Debug|Any CPU = Debug|Any CPU
		Release|Any CPU = Release|Any CPU
	EndGlobalSection
	GlobalSection(ProjectConfigurationPlatforms) = postSolution
		{20AD350F-6F5B-4883-B69C-968B5ABB5972}.Debug|Any CPU.ActiveCfg = Debug|Any CPU
		{20AD350F-6F5B-4883-B69C-968B5ABB5972}.Debug|Any CPU.Build.0 = Debug|Any CPU
		{20AD350F-6F5B-4883-B69C-968B5ABB5972}.Release|Any CPU.ActiveCfg = Release|Any CPU
		{20AD350F-6F5B-4883-B69C-968B5ABB5972}.Release|Any CPU.Build.0 = Release|Any CPU
		{008A1790-56E7-4359-9BAB-76A184F23B96}.Debug|Any CPU.ActiveCfg = Debug|Any CPU
		{008A1790-56E7-4359-9BAB-76A184F23B96}.Debug|Any CPU.Build.0 = Debug|Any CPU
		{008A1790-56E7-4359-9BAB-76A184F23B96}.Release|Any CPU.ActiveCfg = Release|Any CPU
		{008A1790-56E7-4359-9BAB-76A184F23B96}.Release|Any CPU.Build.0 = Release|Any CPU
		{EAF74D95-E0A5-43AE-9119-D5C90933009D}.Debug|Any CPU.ActiveCfg = Debug|Any CPU
		{EAF74D95-E0A5-43AE-9119-D5C90933009D}.Debug|Any CPU.Build.0 = Debug|Any CPU
		{EAF74D95-E0A5-43AE-9119-D5C90933009D}.Release|Any CPU.ActiveCfg = Release|Any CPU
		{EAF74D95-E0A5-43AE-9119-D5C90933009D}.Release|Any CPU.Build.0 = Release|Any CPU
		{5136A9CA-74A9-4CC2-A4FF-70DEF76FBE7E}.Debug|Any CPU.ActiveCfg = Debug|Any CPU
		{5136A9CA-74A9-4CC2-A4FF-70DEF76FBE7E}.Debug|Any CPU.Build.0 = Debug|Any CPU
		{5136A9CA-74A9-4CC2-A4FF-70DEF76FBE7E}.Release|Any CPU.ActiveCfg = Release|Any CPU
		{5136A9CA-74A9-4CC2-A4FF-70DEF76FBE7E}.Release|Any CPU.Build.0 = Release|Any CPU
		{BFEBFFAB-131F-4A7C-ADB3-10407BAF185B}.Debug|Any CPU.ActiveCfg = Debug|Any CPU
		{BFEBFFAB-131F-4A7C-ADB3-10407BAF185B}.Debug|Any CPU.Build.0 = Debug|Any CPU
		{BFEBFFAB-131F-4A7C-ADB3-10407BAF185B}.Release|Any CPU.ActiveCfg = Release|Any CPU
		{BFEBFFAB-131F-4A7C-ADB3-10407BAF185B}.Release|Any CPU.Build.0 = Release|Any CPU
		{BFE68831-457A-4AE8-BEE3-BEF1F60AB278}.Debug|Any CPU.ActiveCfg = Debug|Any CPU
		{BFE68831-457A-4AE8-BEE3-BEF1F60AB278}.Debug|Any CPU.Build.0 = Debug|Any CPU
		{BFE68831-457A-4AE8-BEE3-BEF1F60AB278}.Release|Any CPU.ActiveCfg = Release|Any CPU
		{BFE68831-457A-4AE8-BEE3-BEF1F60AB278}.Release|Any CPU.Build.0 = Release|Any CPU
	EndGlobalSection
	GlobalSection(SolutionProperties) = preSolution
		HideSolutionNode = FALSE
	EndGlobalSection
	GlobalSection(NestedProjects) = preSolution
		{F7A4F4CA-B561-47A5-BEC4-3C1EC35897C9} = {A457DB29-33BA-4C3B-B27B-B104BAAC4CFC}
		{13848EEA-C936-45C8-8A9C-41029D373286} = {A457DB29-33BA-4C3B-B27B-B104BAAC4CFC}
		{EE65BC4A-0715-44CD-A45E-F1FE8D8D85E2} = {A457DB29-33BA-4C3B-B27B-B104BAAC4CFC}
		{20AD350F-6F5B-4883-B69C-968B5ABB5972} = {F7A4F4CA-B561-47A5-BEC4-3C1EC35897C9}
		{008A1790-56E7-4359-9BAB-76A184F23B96} = {F7A4F4CA-B561-47A5-BEC4-3C1EC35897C9}
		{EAF74D95-E0A5-43AE-9119-D5C90933009D} = {EE65BC4A-0715-44CD-A45E-F1FE8D8D85E2}
		{5136A9CA-74A9-4CC2-A4FF-70DEF76FBE7E} = {13848EEA-C936-45C8-8A9C-41029D373286}
		{CDC2A6DE-9B9D-4BEE-AD9D-E010BC8865AF} = {A457DB29-33BA-4C3B-B27B-B104BAAC4CFC}
		{BFEBFFAB-131F-4A7C-ADB3-10407BAF185B} = {CDC2A6DE-9B9D-4BEE-AD9D-E010BC8865AF}
		{BFE68831-457A-4AE8-BEE3-BEF1F60AB278} = {CDC2A6DE-9B9D-4BEE-AD9D-E010BC8865AF}
	EndGlobalSection
EndGlobal
